// !$*UTF8*$!
{
	archiveVersion = 1;
	classes = {
	};
	objectVersion = 56;
	objects = {

/* Begin PBXBuildFile section */
		47202DEA2BB341EC00A06030 /* SeerApp.swift in Sources */ = {isa = PBXBuildFile; fileRef = 47202DE92BB341EC00A06030 /* SeerApp.swift */; };
		47202DEC2BB341EC00A06030 /* MacOSRootView.swift in Sources */ = {isa = PBXBuildFile; fileRef = 47202DEB2BB341EC00A06030 /* MacOSRootView.swift */; };
		47202DEE2BB341ED00A06030 /* Assets.xcassets in Resources */ = {isa = PBXBuildFile; fileRef = 47202DED2BB341ED00A06030 /* Assets.xcassets */; };
		47202DF22BB341ED00A06030 /* Preview Assets.xcassets in Resources */ = {isa = PBXBuildFile; fileRef = 47202DF12BB341ED00A06030 /* Preview Assets.xcassets */; };
		47202DFA2BB3420B00A06030 /* NostrClient in Frameworks */ = {isa = PBXBuildFile; productRef = 47202DF92BB3420B00A06030 /* NostrClient */; };
		47202DFC2BB4A9EA00A06030 /* WelcomeView.swift in Sources */ = {isa = PBXBuildFile; fileRef = 47202DFB2BB4A9EA00A06030 /* WelcomeView.swift */; };
		47310B542C1A4CE8003A1827 /* MacOSGroupListRowView.swift in Sources */ = {isa = PBXBuildFile; fileRef = 47310B532C1A4CE8003A1827 /* MacOSGroupListRowView.swift */; };
		47310B572C1B37F5003A1827 /* MacOSMessageDetailView.swift in Sources */ = {isa = PBXBuildFile; fileRef = 47310B562C1B37F5003A1827 /* MacOSMessageDetailView.swift */; };
		47310B5A2C1B3B3A003A1827 /* MacOSGroupListView.swift in Sources */ = {isa = PBXBuildFile; fileRef = 47310B592C1B3B3A003A1827 /* MacOSGroupListView.swift */; };
		47310B5C2C1B3ED0003A1827 /* MacOSSidebarView.swift in Sources */ = {isa = PBXBuildFile; fileRef = 47310B5B2C1B3ED0003A1827 /* MacOSSidebarView.swift */; };
		47310B5F2C208A3E003A1827 /* NostrClient in Frameworks */ = {isa = PBXBuildFile; productRef = 47310B5E2C208A3E003A1827 /* NostrClient */; };
		47310B622C208B10003A1827 /* README.md in Resources */ = {isa = PBXBuildFile; fileRef = 47310B602C208B10003A1827 /* README.md */; };
		47310B632C208B10003A1827 /* LICENSE in Resources */ = {isa = PBXBuildFile; fileRef = 47310B612C208B10003A1827 /* LICENSE */; };
		47583DFB2BC45F5B001A25E2 /* KeychainAccess in Frameworks */ = {isa = PBXBuildFile; productRef = 47583DFA2BC45F5B001A25E2 /* KeychainAccess */; };
		47583DFE2BC45FFD001A25E2 /* OwnerAccount.swift in Sources */ = {isa = PBXBuildFile; fileRef = 47583DFD2BC45FFD001A25E2 /* OwnerAccount.swift */; };
		47583E1D2BC46539001A25E2 /* PublicKeyMetadata.swift in Sources */ = {isa = PBXBuildFile; fileRef = 47583E1C2BC46539001A25E2 /* PublicKeyMetadata.swift */; };
		47583E1F2BC47B28001A25E2 /* AppState.swift in Sources */ = {isa = PBXBuildFile; fileRef = 47583E1E2BC47B28001A25E2 /* AppState.swift */; };
		477FA2ED2C1A0C6E0016067B /* EventMessage.swift in Sources */ = {isa = PBXBuildFile; fileRef = 477FA2EC2C1A0C6E0016067B /* EventMessage.swift */; };
		477FA2EF2C1A11F00016067B /* MacOSMessageBubbleView.swift in Sources */ = {isa = PBXBuildFile; fileRef = 477FA2EE2C1A11F00016067B /* MacOSMessageBubbleView.swift */; };
		478597632BD155B900609EE2 /* SettingsAccountView.swift in Sources */ = {isa = PBXBuildFile; fileRef = 478597622BD155B900609EE2 /* SettingsAccountView.swift */; };
		478597652BD157C000609EE2 /* PreviewData.swift in Sources */ = {isa = PBXBuildFile; fileRef = 478597642BD157C000609EE2 /* PreviewData.swift */; };
		478597682BD15EBF00609EE2 /* SDWebImageSwiftUI in Frameworks */ = {isa = PBXBuildFile; productRef = 478597672BD15EBF00609EE2 /* SDWebImageSwiftUI */; };
		4785976B2BD15EFC00609EE2 /* AvatarView.swift in Sources */ = {isa = PBXBuildFile; fileRef = 4785976A2BD15EFC00609EE2 /* AvatarView.swift */; };
		4785976E2BD1640900609EE2 /* SettingsAccountListRowView.swift in Sources */ = {isa = PBXBuildFile; fileRef = 4785976D2BD1640900609EE2 /* SettingsAccountListRowView.swift */; };
		478597702BD1917500609EE2 /* SimpleGroup.swift in Sources */ = {isa = PBXBuildFile; fileRef = 4785976F2BD1917500609EE2 /* SimpleGroup.swift */; };
		478894C22BCEB28D00A3A7FB /* SettingsView.swift in Sources */ = {isa = PBXBuildFile; fileRef = 478894C12BCEB28D00A3A7FB /* SettingsView.swift */; };
		478894C42BCEBB7D00A3A7FB /* Relay.swift in Sources */ = {isa = PBXBuildFile; fileRef = 478894C32BCEBB7D00A3A7FB /* Relay.swift */; };
		47E3675A2BD039FB00FAE46D /* SettingsRelayView.swift in Sources */ = {isa = PBXBuildFile; fileRef = 47E367592BD039FB00FAE46D /* SettingsRelayView.swift */; };
/* End PBXBuildFile section */

/* Begin PBXFileReference section */
		47202DE62BB341EC00A06030 /* Seer.app */ = {isa = PBXFileReference; explicitFileType = wrapper.application; includeInIndex = 0; path = Seer.app; sourceTree = BUILT_PRODUCTS_DIR; };
		47202DE92BB341EC00A06030 /* SeerApp.swift */ = {isa = PBXFileReference; lastKnownFileType = sourcecode.swift; path = SeerApp.swift; sourceTree = "<group>"; };
		47202DEB2BB341EC00A06030 /* MacOSRootView.swift */ = {isa = PBXFileReference; lastKnownFileType = sourcecode.swift; path = MacOSRootView.swift; sourceTree = "<group>"; };
		47202DED2BB341ED00A06030 /* Assets.xcassets */ = {isa = PBXFileReference; lastKnownFileType = folder.assetcatalog; path = Assets.xcassets; sourceTree = "<group>"; };
		47202DEF2BB341ED00A06030 /* Seer.entitlements */ = {isa = PBXFileReference; lastKnownFileType = text.plist.entitlements; path = Seer.entitlements; sourceTree = "<group>"; };
		47202DF12BB341ED00A06030 /* Preview Assets.xcassets */ = {isa = PBXFileReference; lastKnownFileType = folder.assetcatalog; path = "Preview Assets.xcassets"; sourceTree = "<group>"; };
		47202DFB2BB4A9EA00A06030 /* WelcomeView.swift */ = {isa = PBXFileReference; lastKnownFileType = sourcecode.swift; path = WelcomeView.swift; sourceTree = "<group>"; };
		47310B532C1A4CE8003A1827 /* MacOSGroupListRowView.swift */ = {isa = PBXFileReference; lastKnownFileType = sourcecode.swift; path = MacOSGroupListRowView.swift; sourceTree = "<group>"; };
		47310B562C1B37F5003A1827 /* MacOSMessageDetailView.swift */ = {isa = PBXFileReference; lastKnownFileType = sourcecode.swift; path = MacOSMessageDetailView.swift; sourceTree = "<group>"; };
		47310B592C1B3B3A003A1827 /* MacOSGroupListView.swift */ = {isa = PBXFileReference; lastKnownFileType = sourcecode.swift; path = MacOSGroupListView.swift; sourceTree = "<group>"; };
		47310B5B2C1B3ED0003A1827 /* MacOSSidebarView.swift */ = {isa = PBXFileReference; lastKnownFileType = sourcecode.swift; path = MacOSSidebarView.swift; sourceTree = "<group>"; };
		47310B602C208B10003A1827 /* README.md */ = {isa = PBXFileReference; fileEncoding = 4; lastKnownFileType = net.daringfireball.markdown; path = README.md; sourceTree = "<group>"; };
		47310B612C208B10003A1827 /* LICENSE */ = {isa = PBXFileReference; fileEncoding = 4; lastKnownFileType = text; path = LICENSE; sourceTree = "<group>"; };
		47583DFD2BC45FFD001A25E2 /* OwnerAccount.swift */ = {isa = PBXFileReference; lastKnownFileType = sourcecode.swift; path = OwnerAccount.swift; sourceTree = "<group>"; };
		47583E1C2BC46539001A25E2 /* PublicKeyMetadata.swift */ = {isa = PBXFileReference; lastKnownFileType = sourcecode.swift; path = PublicKeyMetadata.swift; sourceTree = "<group>"; };
		47583E1E2BC47B28001A25E2 /* AppState.swift */ = {isa = PBXFileReference; lastKnownFileType = sourcecode.swift; path = AppState.swift; sourceTree = "<group>"; };
		477FA2EC2C1A0C6E0016067B /* EventMessage.swift */ = {isa = PBXFileReference; lastKnownFileType = sourcecode.swift; path = EventMessage.swift; sourceTree = "<group>"; };
		477FA2EE2C1A11F00016067B /* MacOSMessageBubbleView.swift */ = {isa = PBXFileReference; lastKnownFileType = sourcecode.swift; path = MacOSMessageBubbleView.swift; sourceTree = "<group>"; };
		478597622BD155B900609EE2 /* SettingsAccountView.swift */ = {isa = PBXFileReference; lastKnownFileType = sourcecode.swift; path = SettingsAccountView.swift; sourceTree = "<group>"; };
		478597642BD157C000609EE2 /* PreviewData.swift */ = {isa = PBXFileReference; lastKnownFileType = sourcecode.swift; path = PreviewData.swift; sourceTree = "<group>"; };
		4785976A2BD15EFC00609EE2 /* AvatarView.swift */ = {isa = PBXFileReference; lastKnownFileType = sourcecode.swift; path = AvatarView.swift; sourceTree = "<group>"; };
		4785976D2BD1640900609EE2 /* SettingsAccountListRowView.swift */ = {isa = PBXFileReference; lastKnownFileType = sourcecode.swift; path = SettingsAccountListRowView.swift; sourceTree = "<group>"; };
		4785976F2BD1917500609EE2 /* SimpleGroup.swift */ = {isa = PBXFileReference; lastKnownFileType = sourcecode.swift; path = SimpleGroup.swift; sourceTree = "<group>"; };
		478894C12BCEB28D00A3A7FB /* SettingsView.swift */ = {isa = PBXFileReference; lastKnownFileType = sourcecode.swift; path = SettingsView.swift; sourceTree = "<group>"; };
		478894C32BCEBB7D00A3A7FB /* Relay.swift */ = {isa = PBXFileReference; lastKnownFileType = sourcecode.swift; path = Relay.swift; sourceTree = "<group>"; };
		47E367592BD039FB00FAE46D /* SettingsRelayView.swift */ = {isa = PBXFileReference; lastKnownFileType = sourcecode.swift; path = SettingsRelayView.swift; sourceTree = "<group>"; };
/* End PBXFileReference section */

/* Begin PBXFrameworksBuildPhase section */
		47202DE32BB341EB00A06030 /* Frameworks */ = {
			isa = PBXFrameworksBuildPhase;
			buildActionMask = 2147483647;
			files = (
				47310B5F2C208A3E003A1827 /* NostrClient in Frameworks */,
				478597682BD15EBF00609EE2 /* SDWebImageSwiftUI in Frameworks */,
				47583DFB2BC45F5B001A25E2 /* KeychainAccess in Frameworks */,
				47202DFA2BB3420B00A06030 /* NostrClient in Frameworks */,
			);
			runOnlyForDeploymentPostprocessing = 0;
		};
/* End PBXFrameworksBuildPhase section */

/* Begin PBXGroup section */
		47202DDD2BB341EB00A06030 = {
			isa = PBXGroup;
			children = (
				47310B612C208B10003A1827 /* LICENSE */,
				47310B602C208B10003A1827 /* README.md */,
				47202DE82BB341EC00A06030 /* Seer */,
				47202DE72BB341EC00A06030 /* Products */,
			);
			sourceTree = "<group>";
		};
		47202DE72BB341EC00A06030 /* Products */ = {
			isa = PBXGroup;
			children = (
				47202DE62BB341EC00A06030 /* Seer.app */,
			);
			name = Products;
			sourceTree = "<group>";
		};
		47202DE82BB341EC00A06030 /* Seer */ = {
			isa = PBXGroup;
			children = (
				47583E212BC481B2001A25E2 /* MacOS */,
				47583E202BC481A3001A25E2 /* Shared */,
				47202DED2BB341ED00A06030 /* Assets.xcassets */,
				47202DEF2BB341ED00A06030 /* Seer.entitlements */,
				47202DF02BB341ED00A06030 /* Preview Content */,
			);
			path = Seer;
			sourceTree = "<group>";
		};
		47202DF02BB341ED00A06030 /* Preview Content */ = {
			isa = PBXGroup;
			children = (
				47202DF12BB341ED00A06030 /* Preview Assets.xcassets */,
			);
			path = "Preview Content";
			sourceTree = "<group>";
		};
		47310B552C1B37C7003A1827 /* Messages */ = {
			isa = PBXGroup;
			children = (
				47310B562C1B37F5003A1827 /* MacOSMessageDetailView.swift */,
				47310B592C1B3B3A003A1827 /* MacOSGroupListView.swift */,
			);
			path = Messages;
			sourceTree = "<group>";
		};
		47310B582C1B3AE2003A1827 /* Components */ = {
			isa = PBXGroup;
			children = (
				477FA2EE2C1A11F00016067B /* MacOSMessageBubbleView.swift */,
				47310B532C1A4CE8003A1827 /* MacOSGroupListRowView.swift */,
			);
			path = Components;
			sourceTree = "<group>";
		};
		47583DFC2BC45FA8001A25E2 /* Models */ = {
			isa = PBXGroup;
			children = (
				47583DFD2BC45FFD001A25E2 /* OwnerAccount.swift */,
				47583E1C2BC46539001A25E2 /* PublicKeyMetadata.swift */,
				478894C32BCEBB7D00A3A7FB /* Relay.swift */,
				478597642BD157C000609EE2 /* PreviewData.swift */,
				4785976F2BD1917500609EE2 /* SimpleGroup.swift */,
				477FA2EC2C1A0C6E0016067B /* EventMessage.swift */,
			);
			path = Models;
			sourceTree = "<group>";
		};
		47583E202BC481A3001A25E2 /* Shared */ = {
			isa = PBXGroup;
			children = (
				478597692BD15EC700609EE2 /* Components */,
				47583DFC2BC45FA8001A25E2 /* Models */,
				47202DE92BB341EC00A06030 /* SeerApp.swift */,
				47583E1E2BC47B28001A25E2 /* AppState.swift */,
			);
			path = Shared;
			sourceTree = "<group>";
		};
		47583E212BC481B2001A25E2 /* MacOS */ = {
			isa = PBXGroup;
			children = (
				47310B582C1B3AE2003A1827 /* Components */,
				47310B552C1B37C7003A1827 /* Messages */,
				478894C02BCEB27E00A3A7FB /* Settings */,
				47202DFB2BB4A9EA00A06030 /* WelcomeView.swift */,
				47202DEB2BB341EC00A06030 /* MacOSRootView.swift */,
				47310B5B2C1B3ED0003A1827 /* MacOSSidebarView.swift */,
			);
			path = MacOS;
			sourceTree = "<group>";
		};
		478597692BD15EC700609EE2 /* Components */ = {
			isa = PBXGroup;
			children = (
				4785976A2BD15EFC00609EE2 /* AvatarView.swift */,
			);
			path = Components;
			sourceTree = "<group>";
		};
		4785976C2BD163F900609EE2 /* Components */ = {
			isa = PBXGroup;
			children = (
				4785976D2BD1640900609EE2 /* SettingsAccountListRowView.swift */,
			);
			path = Components;
			sourceTree = "<group>";
		};
		478894C02BCEB27E00A3A7FB /* Settings */ = {
			isa = PBXGroup;
			children = (
				4785976C2BD163F900609EE2 /* Components */,
				478894C12BCEB28D00A3A7FB /* SettingsView.swift */,
				47E367592BD039FB00FAE46D /* SettingsRelayView.swift */,
				478597622BD155B900609EE2 /* SettingsAccountView.swift */,
			);
			path = Settings;
			sourceTree = "<group>";
		};
/* End PBXGroup section */

/* Begin PBXNativeTarget section */
		47202DE52BB341EB00A06030 /* Seer */ = {
			isa = PBXNativeTarget;
			buildConfigurationList = 47202DF52BB341ED00A06030 /* Build configuration list for PBXNativeTarget "Seer" */;
			buildPhases = (
				47202DE22BB341EB00A06030 /* Sources */,
				47202DE32BB341EB00A06030 /* Frameworks */,
				47202DE42BB341EB00A06030 /* Resources */,
			);
			buildRules = (
			);
			dependencies = (
			);
			name = Seer;
			packageProductDependencies = (
				47202DF92BB3420B00A06030 /* NostrClient */,
				47583DFA2BC45F5B001A25E2 /* KeychainAccess */,
				478597672BD15EBF00609EE2 /* SDWebImageSwiftUI */,
				47310B5E2C208A3E003A1827 /* NostrClient */,
			);
			productName = Seer;
			productReference = 47202DE62BB341EC00A06030 /* Seer.app */;
			productType = "com.apple.product-type.application";
		};
/* End PBXNativeTarget section */

/* Begin PBXProject section */
		47202DDE2BB341EB00A06030 /* Project object */ = {
			isa = PBXProject;
			attributes = {
				BuildIndependentTargetsInParallel = 1;
				LastSwiftUpdateCheck = 1530;
				LastUpgradeCheck = 1530;
				TargetAttributes = {
					47202DE52BB341EB00A06030 = {
						CreatedOnToolsVersion = 15.3;
					};
				};
			};
			buildConfigurationList = 47202DE12BB341EB00A06030 /* Build configuration list for PBXProject "Seer" */;
			compatibilityVersion = "Xcode 14.0";
			developmentRegion = en;
			hasScannedForEncodings = 0;
			knownRegions = (
				en,
				Base,
			);
			mainGroup = 47202DDD2BB341EB00A06030;
			packageReferences = (
				47583DF92BC45F5B001A25E2 /* XCRemoteSwiftPackageReference "KeychainAccess" */,
				478597662BD15EBE00609EE2 /* XCRemoteSwiftPackageReference "SDWebImageSwiftUI" */,
				47310B5D2C208A3E003A1827 /* XCRemoteSwiftPackageReference "NostrClient" */,
			);
			productRefGroup = 47202DE72BB341EC00A06030 /* Products */;
			projectDirPath = "";
			projectRoot = "";
			targets = (
				47202DE52BB341EB00A06030 /* Seer */,
			);
		};
/* End PBXProject section */

/* Begin PBXResourcesBuildPhase section */
		47202DE42BB341EB00A06030 /* Resources */ = {
			isa = PBXResourcesBuildPhase;
			buildActionMask = 2147483647;
			files = (
				47310B622C208B10003A1827 /* README.md in Resources */,
				47202DF22BB341ED00A06030 /* Preview Assets.xcassets in Resources */,
				47310B632C208B10003A1827 /* LICENSE in Resources */,
				47202DEE2BB341ED00A06030 /* Assets.xcassets in Resources */,
			);
			runOnlyForDeploymentPostprocessing = 0;
		};
/* End PBXResourcesBuildPhase section */

/* Begin PBXSourcesBuildPhase section */
		47202DE22BB341EB00A06030 /* Sources */ = {
			isa = PBXSourcesBuildPhase;
			buildActionMask = 2147483647;
			files = (
				478894C22BCEB28D00A3A7FB /* SettingsView.swift in Sources */,
				4785976E2BD1640900609EE2 /* SettingsAccountListRowView.swift in Sources */,
				4785976B2BD15EFC00609EE2 /* AvatarView.swift in Sources */,
				47202DEC2BB341EC00A06030 /* MacOSRootView.swift in Sources */,
				47E3675A2BD039FB00FAE46D /* SettingsRelayView.swift in Sources */,
				47310B5C2C1B3ED0003A1827 /* MacOSSidebarView.swift in Sources */,
				478597652BD157C000609EE2 /* PreviewData.swift in Sources */,
				47583DFE2BC45FFD001A25E2 /* OwnerAccount.swift in Sources */,
				47310B572C1B37F5003A1827 /* MacOSMessageDetailView.swift in Sources */,
				478597702BD1917500609EE2 /* SimpleGroup.swift in Sources */,
				478894C42BCEBB7D00A3A7FB /* Relay.swift in Sources */,
				47202DFC2BB4A9EA00A06030 /* WelcomeView.swift in Sources */,
				47583E1F2BC47B28001A25E2 /* AppState.swift in Sources */,
				47310B542C1A4CE8003A1827 /* MacOSGroupListRowView.swift in Sources */,
				47310B5A2C1B3B3A003A1827 /* MacOSGroupListView.swift in Sources */,
				478597632BD155B900609EE2 /* SettingsAccountView.swift in Sources */,
				47202DEA2BB341EC00A06030 /* SeerApp.swift in Sources */,
				47583E1D2BC46539001A25E2 /* PublicKeyMetadata.swift in Sources */,
				477FA2EF2C1A11F00016067B /* MacOSMessageBubbleView.swift in Sources */,
				477FA2ED2C1A0C6E0016067B /* EventMessage.swift in Sources */,
			);
			runOnlyForDeploymentPostprocessing = 0;
		};
/* End PBXSourcesBuildPhase section */

/* Begin XCBuildConfiguration section */
		47202DF32BB341ED00A06030 /* Debug */ = {
			isa = XCBuildConfiguration;
			buildSettings = {
				ALWAYS_SEARCH_USER_PATHS = NO;
				ASSETCATALOG_COMPILER_GENERATE_SWIFT_ASSET_SYMBOL_EXTENSIONS = YES;
				CLANG_ANALYZER_NONNULL = YES;
				CLANG_ANALYZER_NUMBER_OBJECT_CONVERSION = YES_AGGRESSIVE;
				CLANG_CXX_LANGUAGE_STANDARD = "gnu++20";
				CLANG_ENABLE_MODULES = YES;
				CLANG_ENABLE_OBJC_ARC = YES;
				CLANG_ENABLE_OBJC_WEAK = YES;
				CLANG_WARN_BLOCK_CAPTURE_AUTORELEASING = YES;
				CLANG_WARN_BOOL_CONVERSION = YES;
				CLANG_WARN_COMMA = YES;
				CLANG_WARN_CONSTANT_CONVERSION = YES;
				CLANG_WARN_DEPRECATED_OBJC_IMPLEMENTATIONS = YES;
				CLANG_WARN_DIRECT_OBJC_ISA_USAGE = YES_ERROR;
				CLANG_WARN_DOCUMENTATION_COMMENTS = YES;
				CLANG_WARN_EMPTY_BODY = YES;
				CLANG_WARN_ENUM_CONVERSION = YES;
				CLANG_WARN_INFINITE_RECURSION = YES;
				CLANG_WARN_INT_CONVERSION = YES;
				CLANG_WARN_NON_LITERAL_NULL_CONVERSION = YES;
				CLANG_WARN_OBJC_IMPLICIT_RETAIN_SELF = YES;
				CLANG_WARN_OBJC_LITERAL_CONVERSION = YES;
				CLANG_WARN_OBJC_ROOT_CLASS = YES_ERROR;
				CLANG_WARN_QUOTED_INCLUDE_IN_FRAMEWORK_HEADER = YES;
				CLANG_WARN_RANGE_LOOP_ANALYSIS = YES;
				CLANG_WARN_STRICT_PROTOTYPES = YES;
				CLANG_WARN_SUSPICIOUS_MOVE = YES;
				CLANG_WARN_UNGUARDED_AVAILABILITY = YES_AGGRESSIVE;
				CLANG_WARN_UNREACHABLE_CODE = YES;
				CLANG_WARN__DUPLICATE_METHOD_MATCH = YES;
				COPY_PHASE_STRIP = NO;
				DEBUG_INFORMATION_FORMAT = dwarf;
				ENABLE_STRICT_OBJC_MSGSEND = YES;
				ENABLE_TESTABILITY = YES;
				ENABLE_USER_SCRIPT_SANDBOXING = YES;
				GCC_C_LANGUAGE_STANDARD = gnu17;
				GCC_DYNAMIC_NO_PIC = NO;
				GCC_NO_COMMON_BLOCKS = YES;
				GCC_OPTIMIZATION_LEVEL = 0;
				GCC_PREPROCESSOR_DEFINITIONS = (
					"DEBUG=1",
					"$(inherited)",
				);
				GCC_WARN_64_TO_32_BIT_CONVERSION = YES;
				GCC_WARN_ABOUT_RETURN_TYPE = YES_ERROR;
				GCC_WARN_UNDECLARED_SELECTOR = YES;
				GCC_WARN_UNINITIALIZED_AUTOS = YES_AGGRESSIVE;
				GCC_WARN_UNUSED_FUNCTION = YES;
				GCC_WARN_UNUSED_VARIABLE = YES;
				LOCALIZATION_PREFERS_STRING_CATALOGS = YES;
				MTL_ENABLE_DEBUG_INFO = INCLUDE_SOURCE;
				MTL_FAST_MATH = YES;
				ONLY_ACTIVE_ARCH = YES;
				SWIFT_ACTIVE_COMPILATION_CONDITIONS = "DEBUG $(inherited)";
				SWIFT_OPTIMIZATION_LEVEL = "-Onone";
			};
			name = Debug;
		};
		47202DF42BB341ED00A06030 /* Release */ = {
			isa = XCBuildConfiguration;
			buildSettings = {
				ALWAYS_SEARCH_USER_PATHS = NO;
				ASSETCATALOG_COMPILER_GENERATE_SWIFT_ASSET_SYMBOL_EXTENSIONS = YES;
				CLANG_ANALYZER_NONNULL = YES;
				CLANG_ANALYZER_NUMBER_OBJECT_CONVERSION = YES_AGGRESSIVE;
				CLANG_CXX_LANGUAGE_STANDARD = "gnu++20";
				CLANG_ENABLE_MODULES = YES;
				CLANG_ENABLE_OBJC_ARC = YES;
				CLANG_ENABLE_OBJC_WEAK = YES;
				CLANG_WARN_BLOCK_CAPTURE_AUTORELEASING = YES;
				CLANG_WARN_BOOL_CONVERSION = YES;
				CLANG_WARN_COMMA = YES;
				CLANG_WARN_CONSTANT_CONVERSION = YES;
				CLANG_WARN_DEPRECATED_OBJC_IMPLEMENTATIONS = YES;
				CLANG_WARN_DIRECT_OBJC_ISA_USAGE = YES_ERROR;
				CLANG_WARN_DOCUMENTATION_COMMENTS = YES;
				CLANG_WARN_EMPTY_BODY = YES;
				CLANG_WARN_ENUM_CONVERSION = YES;
				CLANG_WARN_INFINITE_RECURSION = YES;
				CLANG_WARN_INT_CONVERSION = YES;
				CLANG_WARN_NON_LITERAL_NULL_CONVERSION = YES;
				CLANG_WARN_OBJC_IMPLICIT_RETAIN_SELF = YES;
				CLANG_WARN_OBJC_LITERAL_CONVERSION = YES;
				CLANG_WARN_OBJC_ROOT_CLASS = YES_ERROR;
				CLANG_WARN_QUOTED_INCLUDE_IN_FRAMEWORK_HEADER = YES;
				CLANG_WARN_RANGE_LOOP_ANALYSIS = YES;
				CLANG_WARN_STRICT_PROTOTYPES = YES;
				CLANG_WARN_SUSPICIOUS_MOVE = YES;
				CLANG_WARN_UNGUARDED_AVAILABILITY = YES_AGGRESSIVE;
				CLANG_WARN_UNREACHABLE_CODE = YES;
				CLANG_WARN__DUPLICATE_METHOD_MATCH = YES;
				COPY_PHASE_STRIP = NO;
				DEBUG_INFORMATION_FORMAT = "dwarf-with-dsym";
				ENABLE_NS_ASSERTIONS = NO;
				ENABLE_STRICT_OBJC_MSGSEND = YES;
				ENABLE_USER_SCRIPT_SANDBOXING = YES;
				GCC_C_LANGUAGE_STANDARD = gnu17;
				GCC_NO_COMMON_BLOCKS = YES;
				GCC_WARN_64_TO_32_BIT_CONVERSION = YES;
				GCC_WARN_ABOUT_RETURN_TYPE = YES_ERROR;
				GCC_WARN_UNDECLARED_SELECTOR = YES;
				GCC_WARN_UNINITIALIZED_AUTOS = YES_AGGRESSIVE;
				GCC_WARN_UNUSED_FUNCTION = YES;
				GCC_WARN_UNUSED_VARIABLE = YES;
				LOCALIZATION_PREFERS_STRING_CATALOGS = YES;
				MTL_ENABLE_DEBUG_INFO = NO;
				MTL_FAST_MATH = YES;
				SWIFT_COMPILATION_MODE = wholemodule;
			};
			name = Release;
		};
		47202DF62BB341ED00A06030 /* Debug */ = {
			isa = XCBuildConfiguration;
			buildSettings = {
				ASSETCATALOG_COMPILER_APPICON_NAME = AppIcon;
				ASSETCATALOG_COMPILER_GLOBAL_ACCENT_COLOR_NAME = AccentColor;
				CODE_SIGN_ENTITLEMENTS = Seer/Seer.entitlements;
				CODE_SIGN_STYLE = Automatic;
				CURRENT_PROJECT_VERSION = 1;
				DEVELOPMENT_ASSET_PATHS = "\"Seer/Preview Content\"";
				DEVELOPMENT_TEAM = MHMRS5FLW6;
				ENABLE_HARDENED_RUNTIME = YES;
				ENABLE_PREVIEWS = YES;
				GENERATE_INFOPLIST_FILE = YES;
				"INFOPLIST_KEY_UIApplicationSceneManifest_Generation[sdk=iphoneos*]" = YES;
				"INFOPLIST_KEY_UIApplicationSceneManifest_Generation[sdk=iphonesimulator*]" = YES;
				"INFOPLIST_KEY_UIApplicationSupportsIndirectInputEvents[sdk=iphoneos*]" = YES;
				"INFOPLIST_KEY_UIApplicationSupportsIndirectInputEvents[sdk=iphonesimulator*]" = YES;
				"INFOPLIST_KEY_UILaunchScreen_Generation[sdk=iphoneos*]" = YES;
				"INFOPLIST_KEY_UILaunchScreen_Generation[sdk=iphonesimulator*]" = YES;
				"INFOPLIST_KEY_UIStatusBarStyle[sdk=iphoneos*]" = UIStatusBarStyleDefault;
				"INFOPLIST_KEY_UIStatusBarStyle[sdk=iphonesimulator*]" = UIStatusBarStyleDefault;
				INFOPLIST_KEY_UISupportedInterfaceOrientations_iPad = "UIInterfaceOrientationPortrait UIInterfaceOrientationPortraitUpsideDown UIInterfaceOrientationLandscapeLeft UIInterfaceOrientationLandscapeRight";
				INFOPLIST_KEY_UISupportedInterfaceOrientations_iPhone = "UIInterfaceOrientationPortrait UIInterfaceOrientationLandscapeLeft UIInterfaceOrientationLandscapeRight";
				IPHONEOS_DEPLOYMENT_TARGET = 17.4;
				LD_RUNPATH_SEARCH_PATHS = "@executable_path/Frameworks";
				"LD_RUNPATH_SEARCH_PATHS[sdk=macosx*]" = "@executable_path/../Frameworks";
				MACOSX_DEPLOYMENT_TARGET = 14.4;
				MARKETING_VERSION = 1.0;
				PRODUCT_BUNDLE_IDENTIFIER = com.galaxoidlabs.Seer;
				PRODUCT_NAME = "$(TARGET_NAME)";
				SDKROOT = auto;
				SUPPORTED_PLATFORMS = "iphoneos iphonesimulator macosx";
				SWIFT_EMIT_LOC_STRINGS = YES;
				SWIFT_VERSION = 5.0;
				TARGETED_DEVICE_FAMILY = "1,2";
			};
			name = Debug;
		};
		47202DF72BB341ED00A06030 /* Release */ = {
			isa = XCBuildConfiguration;
			buildSettings = {
				ASSETCATALOG_COMPILER_APPICON_NAME = AppIcon;
				ASSETCATALOG_COMPILER_GLOBAL_ACCENT_COLOR_NAME = AccentColor;
				CODE_SIGN_ENTITLEMENTS = Seer/Seer.entitlements;
				CODE_SIGN_STYLE = Automatic;
				CURRENT_PROJECT_VERSION = 1;
				DEVELOPMENT_ASSET_PATHS = "\"Seer/Preview Content\"";
				DEVELOPMENT_TEAM = MHMRS5FLW6;
				ENABLE_HARDENED_RUNTIME = YES;
				ENABLE_PREVIEWS = YES;
				GENERATE_INFOPLIST_FILE = YES;
				"INFOPLIST_KEY_UIApplicationSceneManifest_Generation[sdk=iphoneos*]" = YES;
				"INFOPLIST_KEY_UIApplicationSceneManifest_Generation[sdk=iphonesimulator*]" = YES;
				"INFOPLIST_KEY_UIApplicationSupportsIndirectInputEvents[sdk=iphoneos*]" = YES;
				"INFOPLIST_KEY_UIApplicationSupportsIndirectInputEvents[sdk=iphonesimulator*]" = YES;
				"INFOPLIST_KEY_UILaunchScreen_Generation[sdk=iphoneos*]" = YES;
				"INFOPLIST_KEY_UILaunchScreen_Generation[sdk=iphonesimulator*]" = YES;
				"INFOPLIST_KEY_UIStatusBarStyle[sdk=iphoneos*]" = UIStatusBarStyleDefault;
				"INFOPLIST_KEY_UIStatusBarStyle[sdk=iphonesimulator*]" = UIStatusBarStyleDefault;
				INFOPLIST_KEY_UISupportedInterfaceOrientations_iPad = "UIInterfaceOrientationPortrait UIInterfaceOrientationPortraitUpsideDown UIInterfaceOrientationLandscapeLeft UIInterfaceOrientationLandscapeRight";
				INFOPLIST_KEY_UISupportedInterfaceOrientations_iPhone = "UIInterfaceOrientationPortrait UIInterfaceOrientationLandscapeLeft UIInterfaceOrientationLandscapeRight";
				IPHONEOS_DEPLOYMENT_TARGET = 17.4;
				LD_RUNPATH_SEARCH_PATHS = "@executable_path/Frameworks";
				"LD_RUNPATH_SEARCH_PATHS[sdk=macosx*]" = "@executable_path/../Frameworks";
				MACOSX_DEPLOYMENT_TARGET = 14.4;
				MARKETING_VERSION = 1.0;
				PRODUCT_BUNDLE_IDENTIFIER = com.galaxoidlabs.Seer;
				PRODUCT_NAME = "$(TARGET_NAME)";
				SDKROOT = auto;
				SUPPORTED_PLATFORMS = "iphoneos iphonesimulator macosx";
				SWIFT_EMIT_LOC_STRINGS = YES;
				SWIFT_VERSION = 5.0;
				TARGETED_DEVICE_FAMILY = "1,2";
			};
			name = Release;
		};
/* End XCBuildConfiguration section */

/* Begin XCConfigurationList section */
		47202DE12BB341EB00A06030 /* Build configuration list for PBXProject "Seer" */ = {
			isa = XCConfigurationList;
			buildConfigurations = (
				47202DF32BB341ED00A06030 /* Debug */,
				47202DF42BB341ED00A06030 /* Release */,
			);
			defaultConfigurationIsVisible = 0;
			defaultConfigurationName = Release;
		};
		47202DF52BB341ED00A06030 /* Build configuration list for PBXNativeTarget "Seer" */ = {
			isa = XCConfigurationList;
			buildConfigurations = (
				47202DF62BB341ED00A06030 /* Debug */,
				47202DF72BB341ED00A06030 /* Release */,
			);
			defaultConfigurationIsVisible = 0;
			defaultConfigurationName = Release;
		};
/* End XCConfigurationList section */

/* Begin XCRemoteSwiftPackageReference section */
		47310B5D2C208A3E003A1827 /* XCRemoteSwiftPackageReference "NostrClient" */ = {
			isa = XCRemoteSwiftPackageReference;
			repositoryURL = "https://github.com/Galaxoid-Labs/NostrClient";
			requirement = {
				branch = main;
				kind = branch;
			};
		};
		47583DF92BC45F5B001A25E2 /* XCRemoteSwiftPackageReference "KeychainAccess" */ = {
			isa = XCRemoteSwiftPackageReference;
			repositoryURL = "https://github.com/kishikawakatsumi/KeychainAccess.git";
			requirement = {
				branch = master;
				kind = branch;
			};
		};
		478597662BD15EBE00609EE2 /* XCRemoteSwiftPackageReference "SDWebImageSwiftUI" */ = {
			isa = XCRemoteSwiftPackageReference;
			repositoryURL = "https://github.com/SDWebImage/SDWebImageSwiftUI.git";
			requirement = {
				kind = upToNextMajorVersion;
				minimumVersion = 3.0.2;
			};
		};
/* End XCRemoteSwiftPackageReference section */

/* Begin XCSwiftPackageProductDependency section */
		47202DF92BB3420B00A06030 /* NostrClient */ = {
			isa = XCSwiftPackageProductDependency;
			productName = NostrClient;
		};
		47310B5E2C208A3E003A1827 /* NostrClient */ = {
			isa = XCSwiftPackageProductDependency;
			package = 47310B5D2C208A3E003A1827 /* XCRemoteSwiftPackageReference "NostrClient" */;
			productName = NostrClient;
		};
		47583DFA2BC45F5B001A25E2 /* KeychainAccess */ = {
			isa = XCSwiftPackageProductDependency;
			package = 47583DF92BC45F5B001A25E2 /* XCRemoteSwiftPackageReference "KeychainAccess" */;
			productName = KeychainAccess;
		};
		478597672BD15EBF00609EE2 /* SDWebImageSwiftUI */ = {
			isa = XCSwiftPackageProductDependency;
			package = 478597662BD15EBE00609EE2 /* XCRemoteSwiftPackageReference "SDWebImageSwiftUI" */;
			productName = SDWebImageSwiftUI;
		};
/* End XCSwiftPackageProductDependency section */
	};
	rootObject = 47202DDE2BB341EB00A06030 /* Project object */;
}
