// !$*UTF8*$!
{
	archiveVersion = 1;
	classes = {
	};
	objectVersion = 56;
	objects = {

/* Begin PBXBuildFile section */
		473A1FC8290EBE1C00363E2D /* SeerApp.swift in Sources */ = {isa = PBXBuildFile; fileRef = 473A1FC7290EBE1C00363E2D /* SeerApp.swift */; };
		473A1FCC290EBE1D00363E2D /* Assets.xcassets in Resources */ = {isa = PBXBuildFile; fileRef = 473A1FCB290EBE1D00363E2D /* Assets.xcassets */; };
		473A1FD0290EBE1D00363E2D /* Preview Assets.xcassets in Resources */ = {isa = PBXBuildFile; fileRef = 473A1FCF290EBE1D00363E2D /* Preview Assets.xcassets */; };
		473A1FD7290EC0F600363E2D /* NostrData.swift in Sources */ = {isa = PBXBuildFile; fileRef = 473A1FD6290EC0F600363E2D /* NostrData.swift */; };
		473A1FDC290ED58D00363E2D /* Extensions.swift in Sources */ = {isa = PBXBuildFile; fileRef = 473A1FDB290ED58D00363E2D /* Extensions.swift */; };
		4747B631294CF7460040B471 /* DirectMessagesView.swift in Sources */ = {isa = PBXBuildFile; fileRef = 4747B630294CF7460040B471 /* DirectMessagesView.swift */; };
		4747B6332950D74D0040B471 /* REncryptedDirectMessage.swift in Sources */ = {isa = PBXBuildFile; fileRef = 4747B6322950D74D0040B471 /* REncryptedDirectMessage.swift */; };
		4747B6352950D8AD0040B471 /* ImportKeyView.swift in Sources */ = {isa = PBXBuildFile; fileRef = 4747B6342950D8AD0040B471 /* ImportKeyView.swift */; };
		4747B6372950E6E90040B471 /* Bech32.swift in Sources */ = {isa = PBXBuildFile; fileRef = 4747B6362950E6E90040B471 /* Bech32.swift */; };
		4747B63D295114700040B471 /* ROwnedUserProfile.swift in Sources */ = {isa = PBXBuildFile; fileRef = 4747B63C295114700040B471 /* ROwnedUserProfile.swift */; };
		4747B63F2951F56C0040B471 /* DirectMessageView.swift in Sources */ = {isa = PBXBuildFile; fileRef = 4747B63E2951F56C0040B471 /* DirectMessageView.swift */; };
		4747B641295219C80040B471 /* KeyboardManager.swift in Sources */ = {isa = PBXBuildFile; fileRef = 4747B640295219C80040B471 /* KeyboardManager.swift */; };
		4747B647295395FF0040B471 /* NostrKit in Frameworks */ = {isa = PBXBuildFile; productRef = 4747B646295395FF0040B471 /* NostrKit */; };
		4747B6492953992F0040B471 /* Seer_dm.png in Resources */ = {isa = PBXBuildFile; fileRef = 4747B6482953992F0040B471 /* Seer_dm.png */; };
		474A71372912D0B800A2E6F9 /* Realm in Frameworks */ = {isa = PBXBuildFile; productRef = 474A71362912D0B800A2E6F9 /* Realm */; };
		474A71392912D0B800A2E6F9 /* RealmSwift in Frameworks */ = {isa = PBXBuildFile; productRef = 474A71382912D0B800A2E6F9 /* RealmSwift */; };
		474A713C2912D42F00A2E6F9 /* RUserProfile.swift in Sources */ = {isa = PBXBuildFile; fileRef = 474A713B2912D42F00A2E6F9 /* RUserProfile.swift */; };
		4781F38E2912E4AD00842EC9 /* SDWebImageSwiftUI in Frameworks */ = {isa = PBXBuildFile; productRef = 4781F38D2912E4AD00842EC9 /* SDWebImageSwiftUI */; };
		4781F3912912E58D00842EC9 /* SDWebImageSVGCoder in Frameworks */ = {isa = PBXBuildFile; productRef = 4781F3902912E58D00842EC9 /* SDWebImageSVGCoder */; };
		47ED470229159EC000C087FC /* ProfileDetailView.swift in Sources */ = {isa = PBXBuildFile; fileRef = 47ED470129159EC000C087FC /* ProfileDetailView.swift */; };
		47ED47042915AB4700C087FC /* ViewModifiers.swift in Sources */ = {isa = PBXBuildFile; fileRef = 47ED47032915AB4700C087FC /* ViewModifiers.swift */; };
		47ED47062915B28400C087FC /* RootView.swift in Sources */ = {isa = PBXBuildFile; fileRef = 47ED47052915B28400C087FC /* RootView.swift */; };
		47ED47092915C83700C087FC /* SimpleToast in Frameworks */ = {isa = PBXBuildFile; productRef = 47ED47082915C83700C087FC /* SimpleToast */; };
		47ED470B2915E3D700C087FC /* Navigation.swift in Sources */ = {isa = PBXBuildFile; fileRef = 47ED470A2915E3D700C087FC /* Navigation.swift */; };
		47ED470D2917018000C087FC /* RContactList.swift in Sources */ = {isa = PBXBuildFile; fileRef = 47ED470C2917018000C087FC /* RContactList.swift */; };
		47ED470F29199AD700C087FC /* FollowingView.swift in Sources */ = {isa = PBXBuildFile; fileRef = 47ED470E29199AD700C087FC /* FollowingView.swift */; };
		47ED47112919A78000C087FC /* UserProfileListViewRow.swift in Sources */ = {isa = PBXBuildFile; fileRef = 47ED47102919A78000C087FC /* UserProfileListViewRow.swift */; };
		47ED47132919A92900C087FC /* FollowersView.swift in Sources */ = {isa = PBXBuildFile; fileRef = 47ED47122919A92900C087FC /* FollowersView.swift */; };
		47ED4715291A91BB00C087FC /* NostrRelay.swift in Sources */ = {isa = PBXBuildFile; fileRef = 47ED4714291A91BB00C087FC /* NostrRelay.swift */; };
		47ED471A291AC87900C087FC /* AZVideoPlayer in Frameworks */ = {isa = PBXBuildFile; productRef = 47ED4719291AC87900C087FC /* AZVideoPlayer */; };
/* End PBXBuildFile section */

/* Begin PBXFileReference section */
		473A1FC4290EBE1C00363E2D /* Seer.app */ = {isa = PBXFileReference; explicitFileType = wrapper.application; includeInIndex = 0; path = Seer.app; sourceTree = BUILT_PRODUCTS_DIR; };
		473A1FC7290EBE1C00363E2D /* SeerApp.swift */ = {isa = PBXFileReference; lastKnownFileType = sourcecode.swift; path = SeerApp.swift; sourceTree = "<group>"; };
		473A1FCB290EBE1D00363E2D /* Assets.xcassets */ = {isa = PBXFileReference; lastKnownFileType = folder.assetcatalog; path = Assets.xcassets; sourceTree = "<group>"; };
		473A1FCD290EBE1D00363E2D /* Seer.entitlements */ = {isa = PBXFileReference; lastKnownFileType = text.plist.entitlements; path = Seer.entitlements; sourceTree = "<group>"; };
		473A1FCF290EBE1D00363E2D /* Preview Assets.xcassets */ = {isa = PBXFileReference; lastKnownFileType = folder.assetcatalog; path = "Preview Assets.xcassets"; sourceTree = "<group>"; };
		473A1FD6290EC0F600363E2D /* NostrData.swift */ = {isa = PBXFileReference; lastKnownFileType = sourcecode.swift; path = NostrData.swift; sourceTree = "<group>"; };
		473A1FDB290ED58D00363E2D /* Extensions.swift */ = {isa = PBXFileReference; lastKnownFileType = sourcecode.swift; path = Extensions.swift; sourceTree = "<group>"; };
		473A1FE2290F28B300363E2D /* Info.plist */ = {isa = PBXFileReference; lastKnownFileType = text.plist; path = Info.plist; sourceTree = "<group>"; };
		4747B630294CF7460040B471 /* DirectMessagesView.swift */ = {isa = PBXFileReference; lastKnownFileType = sourcecode.swift; path = DirectMessagesView.swift; sourceTree = "<group>"; };
		4747B6322950D74D0040B471 /* REncryptedDirectMessage.swift */ = {isa = PBXFileReference; lastKnownFileType = sourcecode.swift; path = REncryptedDirectMessage.swift; sourceTree = "<group>"; };
		4747B6342950D8AD0040B471 /* ImportKeyView.swift */ = {isa = PBXFileReference; lastKnownFileType = sourcecode.swift; path = ImportKeyView.swift; sourceTree = "<group>"; };
		4747B6362950E6E90040B471 /* Bech32.swift */ = {isa = PBXFileReference; lastKnownFileType = sourcecode.swift; path = Bech32.swift; sourceTree = "<group>"; };
		4747B63C295114700040B471 /* ROwnedUserProfile.swift */ = {isa = PBXFileReference; lastKnownFileType = sourcecode.swift; path = ROwnedUserProfile.swift; sourceTree = "<group>"; };
		4747B63E2951F56C0040B471 /* DirectMessageView.swift */ = {isa = PBXFileReference; lastKnownFileType = sourcecode.swift; path = DirectMessageView.swift; sourceTree = "<group>"; };
		4747B640295219C80040B471 /* KeyboardManager.swift */ = {isa = PBXFileReference; lastKnownFileType = sourcecode.swift; path = KeyboardManager.swift; sourceTree = "<group>"; };
		4747B6482953992F0040B471 /* Seer_dm.png */ = {isa = PBXFileReference; lastKnownFileType = image.png; path = Seer_dm.png; sourceTree = "<group>"; };
		474A713B2912D42F00A2E6F9 /* RUserProfile.swift */ = {isa = PBXFileReference; lastKnownFileType = sourcecode.swift; path = RUserProfile.swift; sourceTree = "<group>"; };
		47ED470129159EC000C087FC /* ProfileDetailView.swift */ = {isa = PBXFileReference; lastKnownFileType = sourcecode.swift; path = ProfileDetailView.swift; sourceTree = "<group>"; };
		47ED47032915AB4700C087FC /* ViewModifiers.swift */ = {isa = PBXFileReference; lastKnownFileType = sourcecode.swift; path = ViewModifiers.swift; sourceTree = "<group>"; };
		47ED47052915B28400C087FC /* RootView.swift */ = {isa = PBXFileReference; lastKnownFileType = sourcecode.swift; path = RootView.swift; sourceTree = "<group>"; };
		47ED470A2915E3D700C087FC /* Navigation.swift */ = {isa = PBXFileReference; lastKnownFileType = sourcecode.swift; path = Navigation.swift; sourceTree = "<group>"; };
		47ED470C2917018000C087FC /* RContactList.swift */ = {isa = PBXFileReference; lastKnownFileType = sourcecode.swift; path = RContactList.swift; sourceTree = "<group>"; };
		47ED470E29199AD700C087FC /* FollowingView.swift */ = {isa = PBXFileReference; lastKnownFileType = sourcecode.swift; path = FollowingView.swift; sourceTree = "<group>"; };
		47ED47102919A78000C087FC /* UserProfileListViewRow.swift */ = {isa = PBXFileReference; lastKnownFileType = sourcecode.swift; path = UserProfileListViewRow.swift; sourceTree = "<group>"; };
		47ED47122919A92900C087FC /* FollowersView.swift */ = {isa = PBXFileReference; lastKnownFileType = sourcecode.swift; path = FollowersView.swift; sourceTree = "<group>"; };
		47ED4714291A91BB00C087FC /* NostrRelay.swift */ = {isa = PBXFileReference; lastKnownFileType = sourcecode.swift; path = NostrRelay.swift; sourceTree = "<group>"; };
/* End PBXFileReference section */

/* Begin PBXFrameworksBuildPhase section */
		473A1FC1290EBE1C00363E2D /* Frameworks */ = {
			isa = PBXFrameworksBuildPhase;
			buildActionMask = 2147483647;
			files = (
				4781F38E2912E4AD00842EC9 /* SDWebImageSwiftUI in Frameworks */,
				474A71392912D0B800A2E6F9 /* RealmSwift in Frameworks */,
				474A71372912D0B800A2E6F9 /* Realm in Frameworks */,
				47ED471A291AC87900C087FC /* AZVideoPlayer in Frameworks */,
				47ED47092915C83700C087FC /* SimpleToast in Frameworks */,
				4747B647295395FF0040B471 /* NostrKit in Frameworks */,
				4781F3912912E58D00842EC9 /* SDWebImageSVGCoder in Frameworks */,
			);
			runOnlyForDeploymentPostprocessing = 0;
		};
/* End PBXFrameworksBuildPhase section */

/* Begin PBXGroup section */
		473A1FBB290EBE1C00363E2D = {
			isa = PBXGroup;
			children = (
				4747B623294B6DA40040B471 /* Screenshots */,
				473A1FC6290EBE1C00363E2D /* Seer */,
				473A1FC5290EBE1C00363E2D /* Products */,
				474A713129105F7F00A2E6F9 /* Frameworks */,
			);
			sourceTree = "<group>";
		};
		473A1FC5290EBE1C00363E2D /* Products */ = {
			isa = PBXGroup;
			children = (
				473A1FC4290EBE1C00363E2D /* Seer.app */,
			);
			name = Products;
			sourceTree = "<group>";
		};
		473A1FC6290EBE1C00363E2D /* Seer */ = {
			isa = PBXGroup;
			children = (
				47ED4700291594CD00C087FC /* Views */,
				474A713A2912D41400A2E6F9 /* Models */,
				473A1FCE290EBE1D00363E2D /* Preview Content */,
				473A1FE2290F28B300363E2D /* Info.plist */,
				473A1FCB290EBE1D00363E2D /* Assets.xcassets */,
				473A1FCD290EBE1D00363E2D /* Seer.entitlements */,
				473A1FC7290EBE1C00363E2D /* SeerApp.swift */,
				473A1FD6290EC0F600363E2D /* NostrData.swift */,
				47ED4714291A91BB00C087FC /* NostrRelay.swift */,
				473A1FDB290ED58D00363E2D /* Extensions.swift */,
				47ED47032915AB4700C087FC /* ViewModifiers.swift */,
				47ED470A2915E3D700C087FC /* Navigation.swift */,
				4747B6362950E6E90040B471 /* Bech32.swift */,
				4747B640295219C80040B471 /* KeyboardManager.swift */,
			);
			path = Seer;
			sourceTree = "<group>";
		};
		473A1FCE290EBE1D00363E2D /* Preview Content */ = {
			isa = PBXGroup;
			children = (
				473A1FCF290EBE1D00363E2D /* Preview Assets.xcassets */,
			);
			path = "Preview Content";
			sourceTree = "<group>";
		};
		4747B623294B6DA40040B471 /* Screenshots */ = {
			isa = PBXGroup;
			children = (
				4747B6482953992F0040B471 /* Seer_dm.png */,
			);
			path = Screenshots;
			sourceTree = "<group>";
		};
		474A713129105F7F00A2E6F9 /* Frameworks */ = {
			isa = PBXGroup;
			children = (
			);
			name = Frameworks;
			sourceTree = "<group>";
		};
		474A713A2912D41400A2E6F9 /* Models */ = {
			isa = PBXGroup;
			children = (
				474A713B2912D42F00A2E6F9 /* RUserProfile.swift */,
				47ED470C2917018000C087FC /* RContactList.swift */,
				4747B6322950D74D0040B471 /* REncryptedDirectMessage.swift */,
				4747B63C295114700040B471 /* ROwnedUserProfile.swift */,
			);
			path = Models;
			sourceTree = "<group>";
		};
		47ED4700291594CD00C087FC /* Views */ = {
			isa = PBXGroup;
			children = (
				47ED47052915B28400C087FC /* RootView.swift */,
				47ED470129159EC000C087FC /* ProfileDetailView.swift */,
				47ED470E29199AD700C087FC /* FollowingView.swift */,
				47ED47102919A78000C087FC /* UserProfileListViewRow.swift */,
				47ED47122919A92900C087FC /* FollowersView.swift */,
				4747B630294CF7460040B471 /* DirectMessagesView.swift */,
				4747B6342950D8AD0040B471 /* ImportKeyView.swift */,
				4747B63E2951F56C0040B471 /* DirectMessageView.swift */,
			);
			path = Views;
			sourceTree = "<group>";
		};
/* End PBXGroup section */

/* Begin PBXNativeTarget section */
		473A1FC3290EBE1C00363E2D /* Seer */ = {
			isa = PBXNativeTarget;
			buildConfigurationList = 473A1FD3290EBE1D00363E2D /* Build configuration list for PBXNativeTarget "Seer" */;
			buildPhases = (
				473A1FC0290EBE1C00363E2D /* Sources */,
				473A1FC1290EBE1C00363E2D /* Frameworks */,
				473A1FC2290EBE1C00363E2D /* Resources */,
			);
			buildRules = (
			);
			dependencies = (
			);
			name = Seer;
			packageProductDependencies = (
				474A71362912D0B800A2E6F9 /* Realm */,
				474A71382912D0B800A2E6F9 /* RealmSwift */,
				4781F38D2912E4AD00842EC9 /* SDWebImageSwiftUI */,
				4781F3902912E58D00842EC9 /* SDWebImageSVGCoder */,
				47ED47082915C83700C087FC /* SimpleToast */,
				47ED4719291AC87900C087FC /* AZVideoPlayer */,
				4747B646295395FF0040B471 /* NostrKit */,
			);
			productName = Seer;
			productReference = 473A1FC4290EBE1C00363E2D /* Seer.app */;
			productType = "com.apple.product-type.application";
		};
/* End PBXNativeTarget section */

/* Begin PBXProject section */
		473A1FBC290EBE1C00363E2D /* Project object */ = {
			isa = PBXProject;
			attributes = {
				BuildIndependentTargetsInParallel = 1;
				LastSwiftUpdateCheck = 1410;
				LastUpgradeCheck = 1420;
				TargetAttributes = {
					473A1FC3290EBE1C00363E2D = {
						CreatedOnToolsVersion = 14.1;
					};
				};
			};
			buildConfigurationList = 473A1FBF290EBE1C00363E2D /* Build configuration list for PBXProject "Seer" */;
			compatibilityVersion = "Xcode 14.0";
			developmentRegion = en;
			hasScannedForEncodings = 0;
			knownRegions = (
				en,
				Base,
			);
			mainGroup = 473A1FBB290EBE1C00363E2D;
			packageReferences = (
				474A71352912D0B800A2E6F9 /* XCRemoteSwiftPackageReference "realm-swift" */,
				4781F38C2912E4AD00842EC9 /* XCRemoteSwiftPackageReference "SDWebImageSwiftUI" */,
				4781F38F2912E58D00842EC9 /* XCRemoteSwiftPackageReference "SDWebImageSVGCoder" */,
				47ED47072915C83700C087FC /* XCRemoteSwiftPackageReference "SimpleToast" */,
				47ED4718291AC87900C087FC /* XCRemoteSwiftPackageReference "AZVideoPlayer" */,
				4747B645295395FF0040B471 /* XCRemoteSwiftPackageReference "NostrKit" */,
			);
			productRefGroup = 473A1FC5290EBE1C00363E2D /* Products */;
			projectDirPath = "";
			projectRoot = "";
			targets = (
				473A1FC3290EBE1C00363E2D /* Seer */,
			);
		};
/* End PBXProject section */

/* Begin PBXResourcesBuildPhase section */
		473A1FC2290EBE1C00363E2D /* Resources */ = {
			isa = PBXResourcesBuildPhase;
			buildActionMask = 2147483647;
			files = (
				473A1FD0290EBE1D00363E2D /* Preview Assets.xcassets in Resources */,
				4747B6492953992F0040B471 /* Seer_dm.png in Resources */,
				473A1FCC290EBE1D00363E2D /* Assets.xcassets in Resources */,
			);
			runOnlyForDeploymentPostprocessing = 0;
		};
/* End PBXResourcesBuildPhase section */

/* Begin PBXSourcesBuildPhase section */
		473A1FC0290EBE1C00363E2D /* Sources */ = {
			isa = PBXSourcesBuildPhase;
			buildActionMask = 2147483647;
			files = (
				47ED470229159EC000C087FC /* ProfileDetailView.swift in Sources */,
				4747B6372950E6E90040B471 /* Bech32.swift in Sources */,
				473A1FC8290EBE1C00363E2D /* SeerApp.swift in Sources */,
				4747B63D295114700040B471 /* ROwnedUserProfile.swift in Sources */,
				47ED47042915AB4700C087FC /* ViewModifiers.swift in Sources */,
				4747B641295219C80040B471 /* KeyboardManager.swift in Sources */,
				473A1FD7290EC0F600363E2D /* NostrData.swift in Sources */,
				47ED47062915B28400C087FC /* RootView.swift in Sources */,
				4747B6352950D8AD0040B471 /* ImportKeyView.swift in Sources */,
				47ED470F29199AD700C087FC /* FollowingView.swift in Sources */,
				47ED47112919A78000C087FC /* UserProfileListViewRow.swift in Sources */,
				47ED47132919A92900C087FC /* FollowersView.swift in Sources */,
				47ED470B2915E3D700C087FC /* Navigation.swift in Sources */,
				4747B63F2951F56C0040B471 /* DirectMessageView.swift in Sources */,
				473A1FDC290ED58D00363E2D /* Extensions.swift in Sources */,
				4747B6332950D74D0040B471 /* REncryptedDirectMessage.swift in Sources */,
				474A713C2912D42F00A2E6F9 /* RUserProfile.swift in Sources */,
				4747B631294CF7460040B471 /* DirectMessagesView.swift in Sources */,
				47ED4715291A91BB00C087FC /* NostrRelay.swift in Sources */,
				47ED470D2917018000C087FC /* RContactList.swift in Sources */,
			);
			runOnlyForDeploymentPostprocessing = 0;
		};
/* End PBXSourcesBuildPhase section */

/* Begin XCBuildConfiguration section */
		473A1FD1290EBE1D00363E2D /* Debug */ = {
			isa = XCBuildConfiguration;
			buildSettings = {
				ALWAYS_SEARCH_USER_PATHS = NO;
				CLANG_ANALYZER_NONNULL = YES;
				CLANG_ANALYZER_NUMBER_OBJECT_CONVERSION = YES_AGGRESSIVE;
				CLANG_CXX_LANGUAGE_STANDARD = "gnu++20";
				CLANG_ENABLE_MODULES = YES;
				CLANG_ENABLE_OBJC_ARC = YES;
				CLANG_ENABLE_OBJC_WEAK = YES;
				CLANG_WARN_BLOCK_CAPTURE_AUTORELEASING = YES;
				CLANG_WARN_BOOL_CONVERSION = YES;
				CLANG_WARN_COMMA = YES;
				CLANG_WARN_CONSTANT_CONVERSION = YES;
				CLANG_WARN_DEPRECATED_OBJC_IMPLEMENTATIONS = YES;
				CLANG_WARN_DIRECT_OBJC_ISA_USAGE = YES_ERROR;
				CLANG_WARN_DOCUMENTATION_COMMENTS = YES;
				CLANG_WARN_EMPTY_BODY = YES;
				CLANG_WARN_ENUM_CONVERSION = YES;
				CLANG_WARN_INFINITE_RECURSION = YES;
				CLANG_WARN_INT_CONVERSION = YES;
				CLANG_WARN_NON_LITERAL_NULL_CONVERSION = YES;
				CLANG_WARN_OBJC_IMPLICIT_RETAIN_SELF = YES;
				CLANG_WARN_OBJC_LITERAL_CONVERSION = YES;
				CLANG_WARN_OBJC_ROOT_CLASS = YES_ERROR;
				CLANG_WARN_QUOTED_INCLUDE_IN_FRAMEWORK_HEADER = YES;
				CLANG_WARN_RANGE_LOOP_ANALYSIS = YES;
				CLANG_WARN_STRICT_PROTOTYPES = YES;
				CLANG_WARN_SUSPICIOUS_MOVE = YES;
				CLANG_WARN_UNGUARDED_AVAILABILITY = YES_AGGRESSIVE;
				CLANG_WARN_UNREACHABLE_CODE = YES;
				CLANG_WARN__DUPLICATE_METHOD_MATCH = YES;
				COPY_PHASE_STRIP = NO;
				DEAD_CODE_STRIPPING = YES;
				DEBUG_INFORMATION_FORMAT = dwarf;
				ENABLE_STRICT_OBJC_MSGSEND = YES;
				ENABLE_TESTABILITY = YES;
				GCC_C_LANGUAGE_STANDARD = gnu11;
				GCC_DYNAMIC_NO_PIC = NO;
				GCC_NO_COMMON_BLOCKS = YES;
				GCC_OPTIMIZATION_LEVEL = 0;
				GCC_PREPROCESSOR_DEFINITIONS = (
					"DEBUG=1",
					"$(inherited)",
				);
				GCC_WARN_64_TO_32_BIT_CONVERSION = YES;
				GCC_WARN_ABOUT_RETURN_TYPE = YES_ERROR;
				GCC_WARN_UNDECLARED_SELECTOR = YES;
				GCC_WARN_UNINITIALIZED_AUTOS = YES_AGGRESSIVE;
				GCC_WARN_UNUSED_FUNCTION = YES;
				GCC_WARN_UNUSED_VARIABLE = YES;
				MTL_ENABLE_DEBUG_INFO = INCLUDE_SOURCE;
				MTL_FAST_MATH = YES;
				ONLY_ACTIVE_ARCH = YES;
				SWIFT_ACTIVE_COMPILATION_CONDITIONS = DEBUG;
				SWIFT_OPTIMIZATION_LEVEL = "-Onone";
			};
			name = Debug;
		};
		473A1FD2290EBE1D00363E2D /* Release */ = {
			isa = XCBuildConfiguration;
			buildSettings = {
				ALWAYS_SEARCH_USER_PATHS = NO;
				CLANG_ANALYZER_NONNULL = YES;
				CLANG_ANALYZER_NUMBER_OBJECT_CONVERSION = YES_AGGRESSIVE;
				CLANG_CXX_LANGUAGE_STANDARD = "gnu++20";
				CLANG_ENABLE_MODULES = YES;
				CLANG_ENABLE_OBJC_ARC = YES;
				CLANG_ENABLE_OBJC_WEAK = YES;
				CLANG_WARN_BLOCK_CAPTURE_AUTORELEASING = YES;
				CLANG_WARN_BOOL_CONVERSION = YES;
				CLANG_WARN_COMMA = YES;
				CLANG_WARN_CONSTANT_CONVERSION = YES;
				CLANG_WARN_DEPRECATED_OBJC_IMPLEMENTATIONS = YES;
				CLANG_WARN_DIRECT_OBJC_ISA_USAGE = YES_ERROR;
				CLANG_WARN_DOCUMENTATION_COMMENTS = YES;
				CLANG_WARN_EMPTY_BODY = YES;
				CLANG_WARN_ENUM_CONVERSION = YES;
				CLANG_WARN_INFINITE_RECURSION = YES;
				CLANG_WARN_INT_CONVERSION = YES;
				CLANG_WARN_NON_LITERAL_NULL_CONVERSION = YES;
				CLANG_WARN_OBJC_IMPLICIT_RETAIN_SELF = YES;
				CLANG_WARN_OBJC_LITERAL_CONVERSION = YES;
				CLANG_WARN_OBJC_ROOT_CLASS = YES_ERROR;
				CLANG_WARN_QUOTED_INCLUDE_IN_FRAMEWORK_HEADER = YES;
				CLANG_WARN_RANGE_LOOP_ANALYSIS = YES;
				CLANG_WARN_STRICT_PROTOTYPES = YES;
				CLANG_WARN_SUSPICIOUS_MOVE = YES;
				CLANG_WARN_UNGUARDED_AVAILABILITY = YES_AGGRESSIVE;
				CLANG_WARN_UNREACHABLE_CODE = YES;
				CLANG_WARN__DUPLICATE_METHOD_MATCH = YES;
				COPY_PHASE_STRIP = NO;
				DEAD_CODE_STRIPPING = YES;
				DEBUG_INFORMATION_FORMAT = "dwarf-with-dsym";
				ENABLE_NS_ASSERTIONS = NO;
				ENABLE_STRICT_OBJC_MSGSEND = YES;
				GCC_C_LANGUAGE_STANDARD = gnu11;
				GCC_NO_COMMON_BLOCKS = YES;
				GCC_WARN_64_TO_32_BIT_CONVERSION = YES;
				GCC_WARN_ABOUT_RETURN_TYPE = YES_ERROR;
				GCC_WARN_UNDECLARED_SELECTOR = YES;
				GCC_WARN_UNINITIALIZED_AUTOS = YES_AGGRESSIVE;
				GCC_WARN_UNUSED_FUNCTION = YES;
				GCC_WARN_UNUSED_VARIABLE = YES;
				MTL_ENABLE_DEBUG_INFO = NO;
				MTL_FAST_MATH = YES;
				SWIFT_COMPILATION_MODE = wholemodule;
				SWIFT_OPTIMIZATION_LEVEL = "-O";
			};
			name = Release;
		};
		473A1FD4290EBE1D00363E2D /* Debug */ = {
			isa = XCBuildConfiguration;
			buildSettings = {
				ASSETCATALOG_COMPILER_APPICON_NAME = AppIcon;
				ASSETCATALOG_COMPILER_GLOBAL_ACCENT_COLOR_NAME = AccentColor;
				CODE_SIGN_ENTITLEMENTS = Seer/Seer.entitlements;
				CODE_SIGN_IDENTITY = "-";
				"CODE_SIGN_IDENTITY[sdk=iphoneos*]" = "Apple Development";
				CODE_SIGN_STYLE = Automatic;
				CURRENT_PROJECT_VERSION = 1;
				DEAD_CODE_STRIPPING = YES;
				DEVELOPMENT_ASSET_PATHS = "\"Seer/Preview Content\"";
				DEVELOPMENT_TEAM = MHMRS5FLW6;
				ENABLE_HARDENED_RUNTIME = YES;
				ENABLE_PREVIEWS = YES;
				GENERATE_INFOPLIST_FILE = YES;
				INFOPLIST_FILE = Seer/Info.plist;
				"INFOPLIST_KEY_UIApplicationSceneManifest_Generation[sdk=iphoneos*]" = YES;
				"INFOPLIST_KEY_UIApplicationSceneManifest_Generation[sdk=iphonesimulator*]" = YES;
				"INFOPLIST_KEY_UIApplicationSupportsIndirectInputEvents[sdk=iphoneos*]" = YES;
				"INFOPLIST_KEY_UIApplicationSupportsIndirectInputEvents[sdk=iphonesimulator*]" = YES;
				"INFOPLIST_KEY_UILaunchScreen_Generation[sdk=iphoneos*]" = YES;
				"INFOPLIST_KEY_UILaunchScreen_Generation[sdk=iphonesimulator*]" = YES;
				"INFOPLIST_KEY_UIStatusBarStyle[sdk=iphoneos*]" = UIStatusBarStyleDefault;
				"INFOPLIST_KEY_UIStatusBarStyle[sdk=iphonesimulator*]" = UIStatusBarStyleDefault;
				INFOPLIST_KEY_UISupportedInterfaceOrientations_iPad = "UIInterfaceOrientationPortrait UIInterfaceOrientationPortraitUpsideDown UIInterfaceOrientationLandscapeLeft UIInterfaceOrientationLandscapeRight";
				INFOPLIST_KEY_UISupportedInterfaceOrientations_iPhone = "UIInterfaceOrientationPortrait UIInterfaceOrientationLandscapeLeft UIInterfaceOrientationLandscapeRight";
				IPHONEOS_DEPLOYMENT_TARGET = 16.1;
				LD_RUNPATH_SEARCH_PATHS = "@executable_path/Frameworks";
				"LD_RUNPATH_SEARCH_PATHS[sdk=macosx*]" = "@executable_path/../Frameworks";
				MACOSX_DEPLOYMENT_TARGET = 13.0;
				MARKETING_VERSION = 1.0;
				PRODUCT_BUNDLE_IDENTIFIER = com.galaxoidlabs.Seer;
				PRODUCT_NAME = "$(TARGET_NAME)";
				SDKROOT = auto;
				SUPPORTED_PLATFORMS = "iphoneos iphonesimulator";
				SUPPORTS_MACCATALYST = NO;
				SUPPORTS_MAC_DESIGNED_FOR_IPHONE_IPAD = YES;
				SWIFT_EMIT_LOC_STRINGS = YES;
				SWIFT_VERSION = 5.0;
				TARGETED_DEVICE_FAMILY = "1,2";
			};
			name = Debug;
		};
		473A1FD5290EBE1D00363E2D /* Release */ = {
			isa = XCBuildConfiguration;
			buildSettings = {
				ASSETCATALOG_COMPILER_APPICON_NAME = AppIcon;
				ASSETCATALOG_COMPILER_GLOBAL_ACCENT_COLOR_NAME = AccentColor;
				CODE_SIGN_ENTITLEMENTS = Seer/Seer.entitlements;
				CODE_SIGN_IDENTITY = "-";
				"CODE_SIGN_IDENTITY[sdk=iphoneos*]" = "Apple Development";
				CODE_SIGN_STYLE = Automatic;
				CURRENT_PROJECT_VERSION = 1;
				DEAD_CODE_STRIPPING = YES;
				DEVELOPMENT_ASSET_PATHS = "\"Seer/Preview Content\"";
				DEVELOPMENT_TEAM = MHMRS5FLW6;
				ENABLE_HARDENED_RUNTIME = YES;
				ENABLE_PREVIEWS = YES;
				GENERATE_INFOPLIST_FILE = YES;
				INFOPLIST_FILE = Seer/Info.plist;
				"INFOPLIST_KEY_UIApplicationSceneManifest_Generation[sdk=iphoneos*]" = YES;
				"INFOPLIST_KEY_UIApplicationSceneManifest_Generation[sdk=iphonesimulator*]" = YES;
				"INFOPLIST_KEY_UIApplicationSupportsIndirectInputEvents[sdk=iphoneos*]" = YES;
				"INFOPLIST_KEY_UIApplicationSupportsIndirectInputEvents[sdk=iphonesimulator*]" = YES;
				"INFOPLIST_KEY_UILaunchScreen_Generation[sdk=iphoneos*]" = YES;
				"INFOPLIST_KEY_UILaunchScreen_Generation[sdk=iphonesimulator*]" = YES;
				"INFOPLIST_KEY_UIStatusBarStyle[sdk=iphoneos*]" = UIStatusBarStyleDefault;
				"INFOPLIST_KEY_UIStatusBarStyle[sdk=iphonesimulator*]" = UIStatusBarStyleDefault;
				INFOPLIST_KEY_UISupportedInterfaceOrientations_iPad = "UIInterfaceOrientationPortrait UIInterfaceOrientationPortraitUpsideDown UIInterfaceOrientationLandscapeLeft UIInterfaceOrientationLandscapeRight";
				INFOPLIST_KEY_UISupportedInterfaceOrientations_iPhone = "UIInterfaceOrientationPortrait UIInterfaceOrientationLandscapeLeft UIInterfaceOrientationLandscapeRight";
				IPHONEOS_DEPLOYMENT_TARGET = 16.1;
				LD_RUNPATH_SEARCH_PATHS = "@executable_path/Frameworks";
				"LD_RUNPATH_SEARCH_PATHS[sdk=macosx*]" = "@executable_path/../Frameworks";
				MACOSX_DEPLOYMENT_TARGET = 13.0;
				MARKETING_VERSION = 1.0;
				PRODUCT_BUNDLE_IDENTIFIER = com.galaxoidlabs.Seer;
				PRODUCT_NAME = "$(TARGET_NAME)";
				SDKROOT = auto;
				SUPPORTED_PLATFORMS = "iphoneos iphonesimulator";
				SUPPORTS_MACCATALYST = NO;
				SUPPORTS_MAC_DESIGNED_FOR_IPHONE_IPAD = YES;
				SWIFT_EMIT_LOC_STRINGS = YES;
				SWIFT_VERSION = 5.0;
				TARGETED_DEVICE_FAMILY = "1,2";
			};
			name = Release;
		};
/* End XCBuildConfiguration section */

/* Begin XCConfigurationList section */
		473A1FBF290EBE1C00363E2D /* Build configuration list for PBXProject "Seer" */ = {
			isa = XCConfigurationList;
			buildConfigurations = (
				473A1FD1290EBE1D00363E2D /* Debug */,
				473A1FD2290EBE1D00363E2D /* Release */,
			);
			defaultConfigurationIsVisible = 0;
			defaultConfigurationName = Release;
		};
		473A1FD3290EBE1D00363E2D /* Build configuration list for PBXNativeTarget "Seer" */ = {
			isa = XCConfigurationList;
			buildConfigurations = (
				473A1FD4290EBE1D00363E2D /* Debug */,
				473A1FD5290EBE1D00363E2D /* Release */,
			);
			defaultConfigurationIsVisible = 0;
			defaultConfigurationName = Release;
		};
/* End XCConfigurationList section */

/* Begin XCRemoteSwiftPackageReference section */
		4747B645295395FF0040B471 /* XCRemoteSwiftPackageReference "NostrKit" */ = {
			isa = XCRemoteSwiftPackageReference;
			repositoryURL = "https://github.com/Galaxoid-Labs/NostrKit.git";
			requirement = {
				branch = master;
				kind = branch;
			};
		};
		474A71352912D0B800A2E6F9 /* XCRemoteSwiftPackageReference "realm-swift" */ = {
			isa = XCRemoteSwiftPackageReference;
			repositoryURL = "https://github.com/realm/realm-swift.git";
			requirement = {
				kind = upToNextMajorVersion;
				minimumVersion = 10.33.0;
			};
		};
		4781F38C2912E4AD00842EC9 /* XCRemoteSwiftPackageReference "SDWebImageSwiftUI" */ = {
			isa = XCRemoteSwiftPackageReference;
			repositoryURL = "https://github.com/SDWebImage/SDWebImageSwiftUI.git";
			requirement = {
				branch = master;
				kind = branch;
			};
		};
		4781F38F2912E58D00842EC9 /* XCRemoteSwiftPackageReference "SDWebImageSVGCoder" */ = {
			isa = XCRemoteSwiftPackageReference;
			repositoryURL = "https://github.com/SDWebImage/SDWebImageSVGCoder.git";
			requirement = {
				kind = upToNextMajorVersion;
				minimumVersion = 1.0.0;
			};
		};
		47ED47072915C83700C087FC /* XCRemoteSwiftPackageReference "SimpleToast" */ = {
			isa = XCRemoteSwiftPackageReference;
			repositoryURL = "https://github.com/sanzaru/SimpleToast.git";
			requirement = {
				branch = master;
				kind = branch;
			};
		};
		47ED4718291AC87900C087FC /* XCRemoteSwiftPackageReference "AZVideoPlayer" */ = {
			isa = XCRemoteSwiftPackageReference;
			repositoryURL = "https://github.com/adamzarn/AZVideoPlayer.git";
			requirement = {
				branch = main;
				kind = branch;
			};
		};
/* End XCRemoteSwiftPackageReference section */

/* Begin XCSwiftPackageProductDependency section */
		4747B646295395FF0040B471 /* NostrKit */ = {
			isa = XCSwiftPackageProductDependency;
			package = 4747B645295395FF0040B471 /* XCRemoteSwiftPackageReference "NostrKit" */;
			productName = NostrKit;
		};
		474A71362912D0B800A2E6F9 /* Realm */ = {
			isa = XCSwiftPackageProductDependency;
			package = 474A71352912D0B800A2E6F9 /* XCRemoteSwiftPackageReference "realm-swift" */;
			productName = Realm;
		};
		474A71382912D0B800A2E6F9 /* RealmSwift */ = {
			isa = XCSwiftPackageProductDependency;
			package = 474A71352912D0B800A2E6F9 /* XCRemoteSwiftPackageReference "realm-swift" */;
			productName = RealmSwift;
		};
		4781F38D2912E4AD00842EC9 /* SDWebImageSwiftUI */ = {
			isa = XCSwiftPackageProductDependency;
			package = 4781F38C2912E4AD00842EC9 /* XCRemoteSwiftPackageReference "SDWebImageSwiftUI" */;
			productName = SDWebImageSwiftUI;
		};
		4781F3902912E58D00842EC9 /* SDWebImageSVGCoder */ = {
			isa = XCSwiftPackageProductDependency;
			package = 4781F38F2912E58D00842EC9 /* XCRemoteSwiftPackageReference "SDWebImageSVGCoder" */;
			productName = SDWebImageSVGCoder;
		};
		47ED47082915C83700C087FC /* SimpleToast */ = {
			isa = XCSwiftPackageProductDependency;
			package = 47ED47072915C83700C087FC /* XCRemoteSwiftPackageReference "SimpleToast" */;
			productName = SimpleToast;
		};
		47ED4719291AC87900C087FC /* AZVideoPlayer */ = {
			isa = XCSwiftPackageProductDependency;
			package = 47ED4718291AC87900C087FC /* XCRemoteSwiftPackageReference "AZVideoPlayer" */;
			productName = AZVideoPlayer;
		};
/* End XCSwiftPackageProductDependency section */
	};
	rootObject = 473A1FBC290EBE1C00363E2D /* Project object */;
}
