{
  "pins" : [
    {
      "identity" : "keychain-swift",
      "kind" : "remoteSourceControl",
      "location" : "https://github.com/evgenyneu/keychain-swift.git",
      "state" : {
        "branch" : "master",
        "revision" : "c1fde55798b164cad44b5e23cfa2f0f1ebcd76af"
      }
    },
    {
      "identity" : "keychainaccess",
      "kind" : "remoteSourceControl",
      "location" : "https://github.com/kishikawakatsumi/KeychainAccess.git",
      "state" : {
        "branch" : "master",
        "revision" : "6299daec1d74be12164fec090faf9ed14d0da9d6"
      }
    },
    {
      "identity" : "nostrkit",
      "kind" : "remoteSourceControl",
      "location" : "https://github.com/Galaxoid-Labs/NostrKit.git",
      "state" : {
        "branch" : "master",
        "revision" : "c3af62e565e0f53de94cafb49f551a66f5fd5bcc"
      }
    },
    {
      "identity" : "realm-core",
      "kind" : "remoteSourceControl",
      "location" : "https://github.com/realm/realm-core.git",
      "state" : {
        "revision" : "b77443ca7fa25407869ca537bf3ae912b1427bff",
        "version" : "12.13.0"
      }
    },
    {
      "identity" : "realm-swift",
      "kind" : "remoteSourceControl",
      "location" : "https://github.com/realm/realm-swift.git",
      "state" : {
        "branch" : "master",
        "revision" : "8e10ded4143191d6aaa42a146d44efcbf0260c4e"
      }
    },
    {
      "identity" : "richtextkit",
      "kind" : "remoteSourceControl",
      "location" : "https://github.com/danielsaidi/RichTextKit.git",
      "state" : {
        "revision" : "013eb4a27dcd81a968eab8015147a308b4b1a3c4",
        "version" : "0.5.1"
      }
    },
    {
      "identity" : "sdwebimage",
      "kind" : "remoteSourceControl",
      "location" : "https://github.com/SDWebImage/SDWebImage.git",
      "state" : {
        "revision" : "6c6b951845a520fa7e8356e28adb5339c0f008d3",
        "version" : "5.15.0"
      }
    },
    {
      "identity" : "sdwebimagesvgcoder",
      "kind" : "remoteSourceControl",
      "location" : "https://github.com/SDWebImage/SDWebImageSVGCoder.git",
      "state" : {
        "branch" : "master",
        "revision" : "4e8e17925ed0c6f160c0d4c4ce58d5dfbcd26093"
      }
    },
    {
      "identity" : "sdwebimageswiftui",
      "kind" : "remoteSourceControl",
      "location" : "https://github.com/SDWebImage/SDWebImageSwiftUI.git",
      "state" : {
        "branch" : "master",
        "revision" : "61fefe9c284fd41ddef77d02749e88f00c305196"
      }
    },
    {
      "identity" : "secp256k1.swift",
      "kind" : "remoteSourceControl",
      "location" : "https://github.com/GigaBitcoin/secp256k1.swift",
      "state" : {
        "revision" : "b80388789a8058fc99202436225f8f15d35dfbea",
        "version" : "0.8.1"
      }
    },
    {
      "identity" : "swift-crypto",
      "kind" : "remoteSourceControl",
      "location" : "https://github.com/apple/swift-crypto.git",
      "state" : {
        "revision" : "d9825fa541df64b1a7b182178d61b9a82730d01f",
        "version" : "2.1.0"
      }
    },
    {
      "identity" : "swiftyping",
      "kind" : "remoteSourceControl",
      "location" : "https://github.com/samiyr/SwiftyPing.git",
      "state" : {
        "branch" : "master",
        "revision" : "05591bc0047e41e0e1d98135c6bc457192a72d39"
      }
    }
  ],
  "version" : 2
}
